PODS:
  - Flutter (1.0.0)
  - flutter_secure_storage (6.0.0):
    - Flutter
  - IOSSecuritySuite (1.9.11)
  - local_auth_darwin (0.0.1):
    - Flutter
    - FlutterMacOS
  - mobile_scanner (7.0.0):
    - Flutter
    - FlutterMacOS
  - no_screenshot (0.3.2-beta.3):
    - Flutter
  - path_provider_foundation (0.0.1):
    - Flutter
    - FlutterMacOS
  - root_jailbreak_sniffer (1.1.4):
    - Flutter
    - IOSSecuritySuite (~> 1.9.10)

DEPENDENCIES:
  - Flutter (from `Flutter`)
  - flutter_secure_storage (from `.symlinks/plugins/flutter_secure_storage/ios`)
  - local_auth_darwin (from `.symlinks/plugins/local_auth_darwin/darwin`)
  - mobile_scanner (from `.symlinks/plugins/mobile_scanner/darwin`)
  - no_screenshot (from `.symlinks/plugins/no_screenshot/ios`)
  - path_provider_foundation (from `.symlinks/plugins/path_provider_foundation/darwin`)
  - root_jailbreak_sniffer (from `.symlinks/plugins/root_jailbreak_sniffer/ios`)

SPEC REPOS:
  trunk:
    - IOSSecuritySuite

EXTERNAL SOURCES:
  Flutter:
    :path: Flutter
  flutter_secure_storage:
    :path: ".symlinks/plugins/flutter_secure_storage/ios"
  local_auth_darwin:
    :path: ".symlinks/plugins/local_auth_darwin/darwin"
  mobile_scanner:
    :path: ".symlinks/plugins/mobile_scanner/darwin"
  no_screenshot:
    :path: ".symlinks/plugins/no_screenshot/ios"
  path_provider_foundation:
    :path: ".symlinks/plugins/path_provider_foundation/darwin"
  root_jailbreak_sniffer:
    :path: ".symlinks/plugins/root_jailbreak_sniffer/ios"

SPEC CHECKSUMS:
  Flutter: cabc95a1d2626b1b06e7179b784ebcf0c0cde467
  flutter_secure_storage: 1ed9476fba7e7a782b22888f956cce43e2c62f13
  IOSSecuritySuite: b51056d5411aee567153ca86ce7f6edfdc5d2654
  local_auth_darwin: d2e8c53ef0c4f43c646462e3415432c4dab3ae19
  mobile_scanner: 9157936403f5a0644ca3779a38ff8404c5434a93
  no_screenshot: 5e345998c43ffcad5d6834f249590483fcc037bd
  path_provider_foundation: 080d55be775b7414fd5a5ef3ac137b97b097e564
  root_jailbreak_sniffer: ddaf19e879b5042d74ea446cac763feb35925204

PODFILE CHECKSUM: 14f5a135664605e194776c37c55398d4b73b358d

COCOAPODS: 1.16.2
